
Microsoft Visual Studio Solution File, Format Version 12.00
# Visual Studio Version 17
VisualStudioVersion = 17.14.37111.16
MinimumVisualStudioVersion = 10.0.40219.1
Project("{FAE04EC0-301F-11D3-BF4B-00C04F79EFBC}") = "Forever.Api", "Forever.Api\Forever.Api.csproj", "{5811B9DF-8DED-4A8F-8ADD-0C0A450A2871}"
EndProject
Global
	GlobalSection(SolutionConfigurationPlatforms) = preSolution
		Debug|Any CPU = Debug|Any CPU
		Release|Any CPU = Release|Any CPU
	EndGlobalSection
	GlobalSection(ProjectConfigurationPlatforms) = postSolution
		{5811B9DF-8DED-4A8F-8ADD-0C0A450A2871}.Debug|Any CPU.ActiveCfg = Debug|Any CPU
		{5811B9DF-8DED-4A8F-8ADD-0C0A450A2871}.Debug|Any CPU.Build.0 = Debug|Any CPU
		{5811B9DF-8DED-4A8F-8ADD-0C0A450A2871}.Release|Any CPU.ActiveCfg = Release|Any CPU
		{5811B9DF-8DED-4A8F-8ADD-0C0A450A2871}.Release|Any CPU.Build.0 = Release|Any CPU
	EndGlobalSection
	GlobalSection(SolutionProperties) = preSolution
		HideSolutionNode = FALSE
	EndGlobalSection
	GlobalSection(ExtensibilityGlobals) = postSolution
		SolutionGuid = {3DE1C71E-66DB-4D57-931C-615028B95335}
	EndGlobalSection
EndGlobal
